github.com/davecgh/go-spew v1.1.1 h1:vj9j/u1bqnvCEfJOwUhtlOARqs3+rkHYY13jYWTU97c=
github.com/davecgh/go-spew v1.1.1/go.mod h1:J7Y8YcW2NihsgmVo/mv3lAwl/skON4iLHjSsI+c5H38=
github.com/google/uuid v1.6.0 h1:NIvaJDMOsjHA8n1jAhLSgzrAzy1Hgr+hNrb57e+94F0=
github.com/google/uuid v1.6.0/go.mod h1:TIyPZe4MgqvfeYDBFedMoGGpEw/LqOeaOT+nhxU+yHo=
github.com/marcelofabianov/doberman v1.0.2 h1:/jW8uKeFEOSBRCGYU6IG0YWpg4bo/eQGZbr7KsWWy9M=
github.com/marcelofabianov/doberman v1.0.2/go.mod h1:XP2iQaplmsUjHaMd5mTbZWcE3d+FkVLfmwr+49OeTIg=
github.com/marcelofabianov/fault v1.1.0 h1:p/1mSmfDYfm8w5ksm0YZU5HSmixHOZhZQx1h4cfNF1s=
github.com/marcelofabianov/fault v1.1.0/go.mod h1:z2An0lQjdl1xIqHgi8mskjRienZA6sEl1PYo/nyNRKI=
github.com/marcelofabianov/gobrick v1.0.1 h1:Zh8mS4s2vRN416Le+Wi6H2ojaFx98liNjxe5ZBJclqo=
github.com/marcelofabianov/gobrick v1.0.1/go.mod h1:PjUKJ2Zw1zuIR5DwoSj+/nha0lrZHTNFTTetHjdeEf8=
github.com/pmezard/go-difflib v1.0.0 h1:4DBwDE0NGyQoBHbLQYPwSUPoCMWR5BEzIk/f1lZbAQM=
github.com/pmezard/go-difflib v1.0.0/go.mod h1:iKH77koFhYxTK1pcRnkKkqfTogsbg7gZNVY4sRDYZ/4=
github.com/stretchr/testify v1.10.0 h1:Xv5erBjTwe/5IxqUQTdXv5kgmIvbHo3QQyRwhJsOfJA=
github.com/stretchr/testify v1.10.0/go.mod h1:r2ic/lqez/lEtzL7wO/rwa5dbSLXVDPFyf8C91i36aY=
golang.org/x/crypto v0.40.0 h1:r4x+VvoG5Fm+eJcxMaY8CQM7Lb0l1lsmjGBQ6s8BfKM=
golang.org/x/crypto v0.40.0/go.mod h1:Qr1vMER5WyS2dfPHAlsOj01wgLbsyWtFn/aY+5+ZdxY=
golang.org/x/sys v0.34.0 h1:H5Y5sJ2L2JRdyv7ROF1he/lPdvFsd0mJHFw2ThKHxLA=
golang.org/x/sys v0.34.0/go.mod h1:BJP2sWEmIv4KK5OTEluFJCKSidICx8ciO85XgH3Ak8k=
gopkg.in/yaml.v3 v3.0.1 h1:fxVm/GzAzEWqLHuvctI91KS9hhNmmWOoWu0XTYJS7CA=
gopkg.in/yaml.v3 v3.0.1/go.mod h1:K4uyk7z7BCEPqu6E+C64Yfv1cQ7kz7rIZviUmN+EgEM=
